
Microsoft Visual Studio Solution File, Format Version 12.00
Project("{FAE04EC0-301F-11D3-BF4B-00C04F79EFBC}") = "circuit-project", "circuit-project\circuit-project.csproj", "{48271A5B-CC53-4FF5-AB28-3AE6438FAB82}"
EndProject
Global
	GlobalSection(SolutionConfigurationPlatforms) = preSolution
		Debug|Any CPU = Debug|Any CPU
		Release|Any CPU = Release|Any CPU
	EndGlobalSection
	GlobalSection(ProjectConfigurationPlatforms) = postSolution
		{48271A5B-CC53-4FF5-AB28-3AE6438FAB82}.Debug|Any CPU.ActiveCfg = Debug|Any CPU
		{48271A5B-CC53-4FF5-AB28-3AE6438FAB82}.Debug|Any CPU.Build.0 = Debug|Any CPU
		{48271A5B-CC53-4FF5-AB28-3AE6438FAB82}.Release|Any CPU.ActiveCfg = Release|Any CPU
		{48271A5B-CC53-4FF5-AB28-3AE6438FAB82}.Release|Any CPU.Build.0 = Release|Any CPU
	EndGlobalSection
EndGlobal
